
Microsoft Visual Studio Solution File, Format Version 12.00
# Visual Studio 14
VisualStudioVersion = 14.0.25123.0
MinimumVisualStudioVersion = 10.0.40219.1
Project("{BC5BB21C-C642-4F2E-9CDF-A05C698F2C66}") = "Sitecore.Support.113977", "Sitecore.Support.113977\Sitecore.Support.113977.csproj", "{57D6DD97-6C05-472D-8370-2BF1FDE9CAD4}"
EndProject
Global
	GlobalSection(SolutionConfigurationPlatforms) = preSolution
		Debug|Any CPU = Debug|Any CPU
		Release|Any CPU = Release|Any CPU
	EndGlobalSection
	GlobalSection(ProjectConfigurationPlatforms) = postSolution
		{57D6DD97-6C05-472D-8370-2BF1FDE9CAD4}.Debug|Any CPU.ActiveCfg = Debug|Any CPU
		{57D6DD97-6C05-472D-8370-2BF1FDE9CAD4}.Debug|Any CPU.Build.0 = Debug|Any CPU
		{57D6DD97-6C05-472D-8370-2BF1FDE9CAD4}.Release|Any CPU.ActiveCfg = Release|Any CPU
		{57D6DD97-6C05-472D-8370-2BF1FDE9CAD4}.Release|Any CPU.Build.0 = Release|Any CPU
	EndGlobalSection
	GlobalSection(SolutionProperties) = preSolution
		HideSolutionNode = FALSE
	EndGlobalSection
EndGlobal
